
Microsoft Visual Studio Solution File, Format Version 12.00
# Visual Studio Version 17
VisualStudioVersion = 17.7.34009.444
MinimumVisualStudioVersion = 10.0.40219.1
Project("{2150E333-8FDC-42A3-9474-1A3956D46DE8}") = "ProductMicroservice", "ProductMicroservice", "{3D262BAA-232D-463B-B1DC-86859B29C13C}"
EndProject
Project("{FAE04EC0-301F-11D3-BF4B-00C04F79EFBC}") = "Product.Domain", "Product.Domain\Product.Domain.csproj", "{89127561-441D-4E93-A837-AF1E5A09B593}"
EndProject
Project("{FAE04EC0-301F-11D3-BF4B-00C04F79EFBC}") = "Product.Application", "Product.Application\Product.Application.csproj", "{615974A2-3A0D-4B75-9D22-D948AF8D295F}"
EndProject
Project("{FAE04EC0-301F-11D3-BF4B-00C04F79EFBC}") = "Product.Infrastructure", "Product.Infrastructure\Product.Infrastructure.csproj", "{E4BB1326-0D3B-4D30-A730-C01450FFB18A}"
EndProject
Project("{FAE04EC0-301F-11D3-BF4B-00C04F79EFBC}") = "Product.Api", "Product.Api\Product.Api.csproj", "{47218E76-170D-46F0-8A43-39793A7FE8B1}"
EndProject
Project("{E53339B2-1760-4266-BCC7-CA923CBCF16C}") = "docker-compose", "docker-compose.dcproj", "{718FD434-8435-4EC4-BF96-63CB1C64C648}"
EndProject
Project("{2150E333-8FDC-42A3-9474-1A3956D46DE8}") = "OrderMicroservice", "OrderMicroservice", "{5FABB577-8D1D-438D-ADB0-AB5348041BA9}"
EndProject
Project("{FAE04EC0-301F-11D3-BF4B-00C04F79EFBC}") = "Order.Domain", "Order.Domain\Order.Domain.csproj", "{A79F143C-7CE6-4D0F-AFA6-79EA3AECA420}"
EndProject
Project("{FAE04EC0-301F-11D3-BF4B-00C04F79EFBC}") = "Order.Application", "Order.Application\Order.Application.csproj", "{5C404F1C-253C-4B6A-BBDC-E480EAC1560D}"
EndProject
Project("{FAE04EC0-301F-11D3-BF4B-00C04F79EFBC}") = "Order.Infrastructure", "Order.Infrastructure\Order.Infrastructure.csproj", "{E809B397-B866-4E2C-8AF4-04AD6ABADBF5}"
EndProject
Project("{FAE04EC0-301F-11D3-BF4B-00C04F79EFBC}") = "Order.Api", "Order.Api\Order.Api.csproj", "{FA861028-D832-4380-9955-2CE1D67B82A2}"
EndProject
Project("{2150E333-8FDC-42A3-9474-1A3956D46DE8}") = "OcelotGateway", "OcelotGateway", "{773A767B-5F40-4FE1-A2D6-0EFF348010BC}"
EndProject
Project("{FAE04EC0-301F-11D3-BF4B-00C04F79EFBC}") = "OcelotGateway", "OcelotGateway\OcelotGateway.csproj", "{F8FF52F3-C541-43F1-A55A-28F735E40701}"
EndProject
Project("{2150E333-8FDC-42A3-9474-1A3956D46DE8}") = "Tests", "Tests", "{4A8E9599-1B82-4723-AA8A-C7E59255AAF0}"
EndProject
Project("{2150E333-8FDC-42A3-9474-1A3956D46DE8}") = "UI", "UI", "{B90B383B-980C-4C5C-848C-16FA2F04408A}"
EndProject
Project("{FAE04EC0-301F-11D3-BF4B-00C04F79EFBC}") = "Microservice.UI", "Microservice.UI\Microservice.UI.csproj", "{884E6F86-DFDA-4221-8E1F-F4E6480FC2A0}"
EndProject
Global
	GlobalSection(SolutionConfigurationPlatforms) = preSolution
		Debug|Any CPU = Debug|Any CPU
		Release|Any CPU = Release|Any CPU
	EndGlobalSection
	GlobalSection(ProjectConfigurationPlatforms) = postSolution
		{89127561-441D-4E93-A837-AF1E5A09B593}.Debug|Any CPU.ActiveCfg = Debug|Any CPU
		{89127561-441D-4E93-A837-AF1E5A09B593}.Debug|Any CPU.Build.0 = Debug|Any CPU
		{89127561-441D-4E93-A837-AF1E5A09B593}.Release|Any CPU.ActiveCfg = Release|Any CPU
		{89127561-441D-4E93-A837-AF1E5A09B593}.Release|Any CPU.Build.0 = Release|Any CPU
		{615974A2-3A0D-4B75-9D22-D948AF8D295F}.Debug|Any CPU.ActiveCfg = Debug|Any CPU
		{615974A2-3A0D-4B75-9D22-D948AF8D295F}.Debug|Any CPU.Build.0 = Debug|Any CPU
		{615974A2-3A0D-4B75-9D22-D948AF8D295F}.Release|Any CPU.ActiveCfg = Release|Any CPU
		{615974A2-3A0D-4B75-9D22-D948AF8D295F}.Release|Any CPU.Build.0 = Release|Any CPU
		{E4BB1326-0D3B-4D30-A730-C01450FFB18A}.Debug|Any CPU.ActiveCfg = Debug|Any CPU
		{E4BB1326-0D3B-4D30-A730-C01450FFB18A}.Debug|Any CPU.Build.0 = Debug|Any CPU
		{E4BB1326-0D3B-4D30-A730-C01450FFB18A}.Release|Any CPU.ActiveCfg = Release|Any CPU
		{E4BB1326-0D3B-4D30-A730-C01450FFB18A}.Release|Any CPU.Build.0 = Release|Any CPU
		{47218E76-170D-46F0-8A43-39793A7FE8B1}.Debug|Any CPU.ActiveCfg = Debug|Any CPU
		{47218E76-170D-46F0-8A43-39793A7FE8B1}.Debug|Any CPU.Build.0 = Debug|Any CPU
		{47218E76-170D-46F0-8A43-39793A7FE8B1}.Release|Any CPU.ActiveCfg = Release|Any CPU
		{47218E76-170D-46F0-8A43-39793A7FE8B1}.Release|Any CPU.Build.0 = Release|Any CPU
		{718FD434-8435-4EC4-BF96-63CB1C64C648}.Debug|Any CPU.ActiveCfg = Debug|Any CPU
		{718FD434-8435-4EC4-BF96-63CB1C64C648}.Debug|Any CPU.Build.0 = Debug|Any CPU
		{718FD434-8435-4EC4-BF96-63CB1C64C648}.Release|Any CPU.ActiveCfg = Release|Any CPU
		{718FD434-8435-4EC4-BF96-63CB1C64C648}.Release|Any CPU.Build.0 = Release|Any CPU
		{A79F143C-7CE6-4D0F-AFA6-79EA3AECA420}.Debug|Any CPU.ActiveCfg = Debug|Any CPU
		{A79F143C-7CE6-4D0F-AFA6-79EA3AECA420}.Debug|Any CPU.Build.0 = Debug|Any CPU
		{A79F143C-7CE6-4D0F-AFA6-79EA3AECA420}.Release|Any CPU.ActiveCfg = Release|Any CPU
		{A79F143C-7CE6-4D0F-AFA6-79EA3AECA420}.Release|Any CPU.Build.0 = Release|Any CPU
		{5C404F1C-253C-4B6A-BBDC-E480EAC1560D}.Debug|Any CPU.ActiveCfg = Debug|Any CPU
		{5C404F1C-253C-4B6A-BBDC-E480EAC1560D}.Debug|Any CPU.Build.0 = Debug|Any CPU
		{5C404F1C-253C-4B6A-BBDC-E480EAC1560D}.Release|Any CPU.ActiveCfg = Release|Any CPU
		{5C404F1C-253C-4B6A-BBDC-E480EAC1560D}.Release|Any CPU.Build.0 = Release|Any CPU
		{E809B397-B866-4E2C-8AF4-04AD6ABADBF5}.Debug|Any CPU.ActiveCfg = Debug|Any CPU
		{E809B397-B866-4E2C-8AF4-04AD6ABADBF5}.Debug|Any CPU.Build.0 = Debug|Any CPU
		{E809B397-B866-4E2C-8AF4-04AD6ABADBF5}.Release|Any CPU.ActiveCfg = Release|Any CPU
		{E809B397-B866-4E2C-8AF4-04AD6ABADBF5}.Release|Any CPU.Build.0 = Release|Any CPU
		{FA861028-D832-4380-9955-2CE1D67B82A2}.Debug|Any CPU.ActiveCfg = Debug|Any CPU
		{FA861028-D832-4380-9955-2CE1D67B82A2}.Debug|Any CPU.Build.0 = Debug|Any CPU
		{FA861028-D832-4380-9955-2CE1D67B82A2}.Release|Any CPU.ActiveCfg = Release|Any CPU
		{FA861028-D832-4380-9955-2CE1D67B82A2}.Release|Any CPU.Build.0 = Release|Any CPU
		{F8FF52F3-C541-43F1-A55A-28F735E40701}.Debug|Any CPU.ActiveCfg = Debug|Any CPU
		{F8FF52F3-C541-43F1-A55A-28F735E40701}.Debug|Any CPU.Build.0 = Debug|Any CPU
		{F8FF52F3-C541-43F1-A55A-28F735E40701}.Release|Any CPU.ActiveCfg = Release|Any CPU
		{F8FF52F3-C541-43F1-A55A-28F735E40701}.Release|Any CPU.Build.0 = Release|Any CPU
		{884E6F86-DFDA-4221-8E1F-F4E6480FC2A0}.Debug|Any CPU.ActiveCfg = Debug|Any CPU
		{884E6F86-DFDA-4221-8E1F-F4E6480FC2A0}.Debug|Any CPU.Build.0 = Debug|Any CPU
		{884E6F86-DFDA-4221-8E1F-F4E6480FC2A0}.Release|Any CPU.ActiveCfg = Release|Any CPU
		{884E6F86-DFDA-4221-8E1F-F4E6480FC2A0}.Release|Any CPU.Build.0 = Release|Any CPU
	EndGlobalSection
	GlobalSection(SolutionProperties) = preSolution
		HideSolutionNode = FALSE
	EndGlobalSection
	GlobalSection(NestedProjects) = preSolution
		{89127561-441D-4E93-A837-AF1E5A09B593} = {3D262BAA-232D-463B-B1DC-86859B29C13C}
		{615974A2-3A0D-4B75-9D22-D948AF8D295F} = {3D262BAA-232D-463B-B1DC-86859B29C13C}
		{E4BB1326-0D3B-4D30-A730-C01450FFB18A} = {3D262BAA-232D-463B-B1DC-86859B29C13C}
		{47218E76-170D-46F0-8A43-39793A7FE8B1} = {3D262BAA-232D-463B-B1DC-86859B29C13C}
		{A79F143C-7CE6-4D0F-AFA6-79EA3AECA420} = {5FABB577-8D1D-438D-ADB0-AB5348041BA9}
		{5C404F1C-253C-4B6A-BBDC-E480EAC1560D} = {5FABB577-8D1D-438D-ADB0-AB5348041BA9}
		{E809B397-B866-4E2C-8AF4-04AD6ABADBF5} = {5FABB577-8D1D-438D-ADB0-AB5348041BA9}
		{FA861028-D832-4380-9955-2CE1D67B82A2} = {5FABB577-8D1D-438D-ADB0-AB5348041BA9}
		{F8FF52F3-C541-43F1-A55A-28F735E40701} = {773A767B-5F40-4FE1-A2D6-0EFF348010BC}
		{884E6F86-DFDA-4221-8E1F-F4E6480FC2A0} = {B90B383B-980C-4C5C-848C-16FA2F04408A}
	EndGlobalSection
	GlobalSection(ExtensibilityGlobals) = postSolution
		SolutionGuid = {115994DD-3571-4DB2-B3B0-42B6FFD91A64}
	EndGlobalSection
EndGlobal
